Microsoft Visual Studio Solution File, Format Version 12.00
# Visual Studio Version 17
VisualStudioVersion = 17.5.2.0
MinimumVisualStudioVersion = 10.0.40219.1
Project("{FAE04EC0-301F-11D3-BF4B-00C04F79EFBC}") = "program004c-samostudium", "program004c-samostudium.csproj", "{5076AB14-4A0C-1B01-5733-9BC17BDF6B54}"
EndProject
Global
	GlobalSection(SolutionConfigurationPlatforms) = preSolution
		Debug|Any CPU = Debug|Any CPU
		Release|Any CPU = Release|Any CPU
	EndGlobalSection
	GlobalSection(ProjectConfigurationPlatforms) = postSolution
		{5076AB14-4A0C-1B01-5733-9BC17BDF6B54}.Debug|Any CPU.ActiveCfg = Debug|Any CPU
		{5076AB14-4A0C-1B01-5733-9BC17BDF6B54}.Debug|Any CPU.Build.0 = Debug|Any CPU
		{5076AB14-4A0C-1B01-5733-9BC17BDF6B54}.Release|Any CPU.ActiveCfg = Release|Any CPU
		{5076AB14-4A0C-1B01-5733-9BC17BDF6B54}.Release|Any CPU.Build.0 = Release|Any CPU
	EndGlobalSection
	GlobalSection(SolutionProperties) = preSolution
		HideSolutionNode = FALSE
	EndGlobalSection
	GlobalSection(ExtensibilityGlobals) = postSolution
		SolutionGuid = {83CBEBD8-83EF-474A-AD09-85DF5657943A}
	EndGlobalSection
EndGlobal
